github.com/jung-kurt/gofpdf/v2 v2.17.3 h1:otZXZby2gXJ7uU6pzprXHq/R57lsHLi0WtH79VabWxY=
github.com/jung-kurt/gofpdf/v2 v2.17.3/go.mod h1:Qx8ZNg4cNsO5i6uLDiBngnm+ii/FjtAqjRNO6drsoYU=
github.com/mattn/go-sqlite3 v1.14.48 h1:7XHIgl0a8HwOaiK4E47ozLkST78rR9+OtNGx27D/TFs=
github.com/mattn/go-sqlite3 v1.14.48/go.mod h1:6JTjA44L93a0QCyJef5YvlPoKXntQPjzWv5gtm9sB6w=
